// !$*UTF8*$!
{
	archiveVersion = 1;
	classes = {
	};
	objectVersion = 46;
	objects = {

/* Begin PBXBuildFile section */
		24AFF9CC61EECC840C285029 /* libPods-BeStronger.a in Frameworks */ = {isa = PBXBuildFile; fileRef = 0D670D47456172972A3904D7 /* libPods-BeStronger.a */; };
		B06B3C5F1DEE81DC00225B4C /* HttpTool.m in Sources */ = {isa = PBXBuildFile; fileRef = B06B3C5E1DEE81DC00225B4C /* HttpTool.m */; };
		B085AAFE1DEF0CA800668D95 /* TestAFController.m in Sources */ = {isa = PBXBuildFile; fileRef = B085AAFD1DEF0CA800668D95 /* TestAFController.m */; };
		B0C8A9731DEDAD4500EB654A /* Calaculator.m in Sources */ = {isa = PBXBuildFile; fileRef = B0C8A9721DEDAD4500EB654A /* Calaculator.m */; };
		B0E8CDFB1DE54D080062DD90 /* main.m in Sources */ = {isa = PBXBuildFile; fileRef = B0E8CDFA1DE54D080062DD90 /* main.m */; };
		B0E8CDFE1DE54D080062DD90 /* AppDelegate.m in Sources */ = {isa = PBXBuildFile; fileRef = B0E8CDFD1DE54D080062DD90 /* AppDelegate.m */; };
		B0E8CE011DE54D080062DD90 /* ViewController.m in Sources */ = {isa = PBXBuildFile; fileRef = B0E8CE001DE54D080062DD90 /* ViewController.m */; };
		B0E8CE041DE54D080062DD90 /* Main.storyboard in Resources */ = {isa = PBXBuildFile; fileRef = B0E8CE021DE54D080062DD90 /* Main.storyboard */; };
		B0E8CE071DE54D080062DD90 /* BeStronger.xcdatamodeld in Sources */ = {isa = PBXBuildFile; fileRef = B0E8CE051DE54D080062DD90 /* BeStronger.xcdatamodeld */; };
		B0E8CE091DE54D080062DD90 /* Assets.xcassets in Resources */ = {isa = PBXBuildFile; fileRef = B0E8CE081DE54D080062DD90 /* Assets.xcassets */; };
		B0E8CE0C1DE54D080062DD90 /* LaunchScreen.storyboard in Resources */ = {isa = PBXBuildFile; fileRef = B0E8CE0A1DE54D080062DD90 /* LaunchScreen.storyboard */; };
		B0EB2D741DE8806200370161 /* NSThreadController.m in Sources */ = {isa = PBXBuildFile; fileRef = B0EB2D731DE8806200370161 /* NSThreadController.m */; };
		B0EB2D781DE8A15100370161 /* TicketSaleManager.m in Sources */ = {isa = PBXBuildFile; fileRef = B0EB2D771DE8A15100370161 /* TicketSaleManager.m */; };
		B0FFBF2B1DE9752D00B8BE7C /* TestSingger.m in Sources */ = {isa = PBXBuildFile; fileRef = B0FFBF2A1DE9752D00B8BE7C /* TestSingger.m */; };
/* End PBXBuildFile section */

/* Begin PBXFileReference section */
		0D670D47456172972A3904D7 /* libPods-BeStronger.a */ = {isa = PBXFileReference; explicitFileType = archive.ar; includeInIndex = 0; path = "libPods-BeStronger.a"; sourceTree = BUILT_PRODUCTS_DIR; };
		38421D5BBB601D062148E47B /* Pods-BeStronger.release.xcconfig */ = {isa = PBXFileReference; includeInIndex = 1; lastKnownFileType = text.xcconfig; name = "Pods-BeStronger.release.xcconfig"; path = "Pods/Target Support Files/Pods-BeStronger/Pods-BeStronger.release.xcconfig"; sourceTree = "<group>"; };
		B06B3C5D1DEE81DC00225B4C /* HttpTool.h */ = {isa = PBXFileReference; fileEncoding = 4; lastKnownFileType = sourcecode.c.h; path = HttpTool.h; sourceTree = "<group>"; };
		B06B3C5E1DEE81DC00225B4C /* HttpTool.m */ = {isa = PBXFileReference; fileEncoding = 4; lastKnownFileType = sourcecode.c.objc; path = HttpTool.m; sourceTree = "<group>"; };
		B085AAFC1DEF0CA800668D95 /* TestAFController.h */ = {isa = PBXFileReference; fileEncoding = 4; lastKnownFileType = sourcecode.c.h; path = TestAFController.h; sourceTree = "<group>"; };
		B085AAFD1DEF0CA800668D95 /* TestAFController.m */ = {isa = PBXFileReference; fileEncoding = 4; lastKnownFileType = sourcecode.c.objc; path = TestAFController.m; sourceTree = "<group>"; };
		B0C8A96D1DEDA96300EB654A /* BeStronger.pch */ = {isa = PBXFileReference; lastKnownFileType = sourcecode.c.h; path = BeStronger.pch; sourceTree = "<group>"; };
		B0C8A9701DEDABC600EB654A /* TestSingle.h */ = {isa = PBXFileReference; lastKnownFileType = sourcecode.c.h; path = TestSingle.h; sourceTree = "<group>"; };
		B0C8A9711DEDAD4500EB654A /* Calaculator.h */ = {isa = PBXFileReference; fileEncoding = 4; lastKnownFileType = sourcecode.c.h; path = Calaculator.h; sourceTree = "<group>"; };
		B0C8A9721DEDAD4500EB654A /* Calaculator.m */ = {isa = PBXFileReference; fileEncoding = 4; lastKnownFileType = sourcecode.c.objc; path = Calaculator.m; sourceTree = "<group>"; };
		B0E8CDF61DE54D080062DD90 /* BeStronger.app */ = {isa = PBXFileReference; explicitFileType = wrapper.application; includeInIndex = 0; path = BeStronger.app; sourceTree = BUILT_PRODUCTS_DIR; };
		B0E8CDFA1DE54D080062DD90 /* main.m */ = {isa = PBXFileReference; lastKnownFileType = sourcecode.c.objc; path = main.m; sourceTree = "<group>"; };
		B0E8CDFC1DE54D080062DD90 /* AppDelegate.h */ = {isa = PBXFileReference; lastKnownFileType = sourcecode.c.h; path = AppDelegate.h; sourceTree = "<group>"; };
		B0E8CDFD1DE54D080062DD90 /* AppDelegate.m */ = {isa = PBXFileReference; lastKnownFileType = sourcecode.c.objc; path = AppDelegate.m; sourceTree = "<group>"; };
		B0E8CDFF1DE54D080062DD90 /* ViewController.h */ = {isa = PBXFileReference; lastKnownFileType = sourcecode.c.h; path = ViewController.h; sourceTree = "<group>"; };
		B0E8CE001DE54D080062DD90 /* ViewController.m */ = {isa = PBXFileReference; lastKnownFileType = sourcecode.c.objc; path = ViewController.m; sourceTree = "<group>"; };
		B0E8CE031DE54D080062DD90 /* Base */ = {isa = PBXFileReference; lastKnownFileType = file.storyboard; name = Base; path = Base.lproj/Main.storyboard; sourceTree = "<group>"; };
		B0E8CE061DE54D080062DD90 /* BeStronger.xcdatamodel */ = {isa = PBXFileReference; lastKnownFileType = wrapper.xcdatamodel; path = BeStronger.xcdatamodel; sourceTree = "<group>"; };
		B0E8CE081DE54D080062DD90 /* Assets.xcassets */ = {isa = PBXFileReference; lastKnownFileType = folder.assetcatalog; path = Assets.xcassets; sourceTree = "<group>"; };
		B0E8CE0B1DE54D080062DD90 /* Base */ = {isa = PBXFileReference; lastKnownFileType = file.storyboard; name = Base; path = Base.lproj/LaunchScreen.storyboard; sourceTree = "<group>"; };
		B0E8CE0D1DE54D080062DD90 /* Info.plist */ = {isa = PBXFileReference; lastKnownFileType = text.plist.xml; path = Info.plist; sourceTree = "<group>"; };
		B0EB2D721DE8806200370161 /* NSThreadController.h */ = {isa = PBXFileReference; fileEncoding = 4; lastKnownFileType = sourcecode.c.h; path = NSThreadController.h; sourceTree = "<group>"; };
		B0EB2D731DE8806200370161 /* NSThreadController.m */ = {isa = PBXFileReference; fileEncoding = 4; lastKnownFileType = sourcecode.c.objc; path = NSThreadController.m; sourceTree = "<group>"; };
		B0EB2D761DE8A15100370161 /* TicketSaleManager.h */ = {isa = PBXFileReference; fileEncoding = 4; lastKnownFileType = sourcecode.c.h; path = TicketSaleManager.h; sourceTree = "<group>"; };
		B0EB2D771DE8A15100370161 /* TicketSaleManager.m */ = {isa = PBXFileReference; fileEncoding = 4; lastKnownFileType = sourcecode.c.objc; path = TicketSaleManager.m; sourceTree = "<group>"; };
		B0FFBF291DE9752D00B8BE7C /* TestSingger.h */ = {isa = PBXFileReference; fileEncoding = 4; lastKnownFileType = sourcecode.c.h; path = TestSingger.h; sourceTree = "<group>"; };
		B0FFBF2A1DE9752D00B8BE7C /* TestSingger.m */ = {isa = PBXFileReference; fileEncoding = 4; lastKnownFileType = sourcecode.c.objc; path = TestSingger.m; sourceTree = "<group>"; };
		EA3190FDBD27C1F6C8749276 /* Pods-BeStronger.debug.xcconfig */ = {isa = PBXFileReference; includeInIndex = 1; lastKnownFileType = text.xcconfig; name = "Pods-BeStronger.debug.xcconfig"; path = "Pods/Target Support Files/Pods-BeStronger/Pods-BeStronger.debug.xcconfig"; sourceTree = "<group>"; };
/* End PBXFileReference section */

/* Begin PBXFrameworksBuildPhase section */
		B0E8CDF31DE54D080062DD90 /* Frameworks */ = {
			isa = PBXFrameworksBuildPhase;
			buildActionMask = 2147483647;
			files = (
				24AFF9CC61EECC840C285029 /* libPods-BeStronger.a in Frameworks */,
			);
			runOnlyForDeploymentPostprocessing = 0;
		};
/* End PBXFrameworksBuildPhase section */

/* Begin PBXGroup section */
		B085AAFB1DEF077800668D95 /* AFNetWorkTest */ = {
			isa = PBXGroup;
			children = (
				B085AAFC1DEF0CA800668D95 /* TestAFController.h */,
				B085AAFD1DEF0CA800668D95 /* TestAFController.m */,
			);
			name = AFNetWorkTest;
			sourceTree = "<group>";
		};
		B0C8A96C1DEDA8F900EB654A /* NSUrlTest */ = {
			isa = PBXGroup;
			children = (
				B0E8CE001DE54D080062DD90 /* ViewController.m */,
				B0E8CDFF1DE54D080062DD90 /* ViewController.h */,
			);
			name = NSUrlTest;
			sourceTree = "<group>";
		};
		B0C8A96F1DEDABAA00EB654A /* Tools */ = {
			isa = PBXGroup;
			children = (
				B0C8A9701DEDABC600EB654A /* TestSingle.h */,
				B06B3C5D1DEE81DC00225B4C /* HttpTool.h */,
				B06B3C5E1DEE81DC00225B4C /* HttpTool.m */,
			);
			name = Tools;
			sourceTree = "<group>";
		};
		B0E8CDED1DE54D080062DD90 = {
			isa = PBXGroup;
			children = (
				B0E8CDF81DE54D080062DD90 /* BeStronger */,
				B0E8CDF71DE54D080062DD90 /* Products */,
				D68B228EC84A9A24154FE58B /* Pods */,
				F8B8E929E4A9C14BCBA98260 /* Frameworks */,
			);
			sourceTree = "<group>";
		};
		B0E8CDF71DE54D080062DD90 /* Products */ = {
			isa = PBXGroup;
			children = (
				B0E8CDF61DE54D080062DD90 /* BeStronger.app */,
			);
			name = Products;
			sourceTree = "<group>";
		};
		B0E8CDF81DE54D080062DD90 /* BeStronger */ = {
			isa = PBXGroup;
			children = (
				B085AAFB1DEF077800668D95 /* AFNetWorkTest */,
				B0C8A96F1DEDABAA00EB654A /* Tools */,
				B0C8A96C1DEDA8F900EB654A /* NSUrlTest */,
				B0FFBF281DE9750D00B8BE7C /* Singer */,
				B0EB2D751DE8A0E000370161 /* NSThread Test Case */,
				B0E8CDFC1DE54D080062DD90 /* AppDelegate.h */,
				B0E8CDFD1DE54D080062DD90 /* AppDelegate.m */,
				B0E8CE021DE54D080062DD90 /* Main.storyboard */,
				B0E8CE081DE54D080062DD90 /* Assets.xcassets */,
				B0E8CE0A1DE54D080062DD90 /* LaunchScreen.storyboard */,
				B0E8CE0D1DE54D080062DD90 /* Info.plist */,
				B0E8CE051DE54D080062DD90 /* BeStronger.xcdatamodeld */,
				B0E8CDF91DE54D080062DD90 /* Supporting Files */,
			);
			path = BeStronger;
			sourceTree = "<group>";
		};
		B0E8CDF91DE54D080062DD90 /* Supporting Files */ = {
			isa = PBXGroup;
			children = (
				B0E8CDFA1DE54D080062DD90 /* main.m */,
				B0C8A96D1DEDA96300EB654A /* BeStronger.pch */,
			);
			name = "Supporting Files";
			sourceTree = "<group>";
		};
		B0EB2D751DE8A0E000370161 /* NSThread Test Case */ = {
			isa = PBXGroup;
			children = (
				B0EB2D721DE8806200370161 /* NSThreadController.h */,
				B0EB2D731DE8806200370161 /* NSThreadController.m */,
				B0EB2D761DE8A15100370161 /* TicketSaleManager.h */,
				B0EB2D771DE8A15100370161 /* TicketSaleManager.m */,
			);
			name = "NSThread Test Case";
			sourceTree = "<group>";
		};
		B0FFBF281DE9750D00B8BE7C /* Singer */ = {
			isa = PBXGroup;
			children = (
				B0FFBF291DE9752D00B8BE7C /* TestSingger.h */,
				B0FFBF2A1DE9752D00B8BE7C /* TestSingger.m */,
				B0C8A9711DEDAD4500EB654A /* Calaculator.h */,
				B0C8A9721DEDAD4500EB654A /* Calaculator.m */,
			);
			name = Singer;
			sourceTree = "<group>";
		};
		D68B228EC84A9A24154FE58B /* Pods */ = {
			isa = PBXGroup;
			children = (
				EA3190FDBD27C1F6C8749276 /* Pods-BeStronger.debug.xcconfig */,
				38421D5BBB601D062148E47B /* Pods-BeStronger.release.xcconfig */,
			);
			name = Pods;
			sourceTree = "<group>";
		};
		F8B8E929E4A9C14BCBA98260 /* Frameworks */ = {
			isa = PBXGroup;
			children = (
				0D670D47456172972A3904D7 /* libPods-BeStronger.a */,
			);
			name = Frameworks;
			sourceTree = "<group>";
		};
/* End PBXGroup section */

/* Begin PBXNativeTarget section */
		B0E8CDF51DE54D080062DD90 /* BeStronger */ = {
			isa = PBXNativeTarget;
			buildConfigurationList = B0E8CE101DE54D080062DD90 /* Build configuration list for PBXNativeTarget "BeStronger" */;
			buildPhases = (
				7D792688BACA90E6FB07B647 /* [CP] Check Pods Manifest.lock */,
				B0E8CDF21DE54D080062DD90 /* Sources */,
				B0E8CDF31DE54D080062DD90 /* Frameworks */,
				B0E8CDF41DE54D080062DD90 /* Resources */,
				B1047992B6F60DF1E5C5C993 /* [CP] Embed Pods Frameworks */,
				4B30DCE359CA4DCEC955A6EE /* [CP] Copy Pods Resources */,
			);
			buildRules = (
			);
			dependencies = (
			);
			name = BeStronger;
			productName = BeStronger;
			productReference = B0E8CDF61DE54D080062DD90 /* BeStronger.app */;
			productType = "com.apple.product-type.application";
		};
/* End PBXNativeTarget section */

/* Begin PBXProject section */
		B0E8CDEE1DE54D080062DD90 /* Project object */ = {
			isa = PBXProject;
			attributes = {
				LastUpgradeCheck = 0810;
				ORGANIZATIONNAME = Roy;
				TargetAttributes = {
					B0E8CDF51DE54D080062DD90 = {
						CreatedOnToolsVersion = 8.1;
						DevelopmentTeam = 8XLVBU7S63;
						ProvisioningStyle = Automatic;
					};
				};
			};
			buildConfigurationList = B0E8CDF11DE54D080062DD90 /* Build configuration list for PBXProject "BeStronger" */;
			compatibilityVersion = "Xcode 3.2";
			developmentRegion = English;
			hasScannedForEncodings = 0;
			knownRegions = (
				en,
				Base,
			);
			mainGroup = B0E8CDED1DE54D080062DD90;
			productRefGroup = B0E8CDF71DE54D080062DD90 /* Products */;
			projectDirPath = "";
			projectRoot = "";
			targets = (
				B0E8CDF51DE54D080062DD90 /* BeStronger */,
			);
		};
/* End PBXProject section */

/* Begin PBXResourcesBuildPhase section */
		B0E8CDF41DE54D080062DD90 /* Resources */ = {
			isa = PBXResourcesBuildPhase;
			buildActionMask = 2147483647;
			files = (
				B0E8CE0C1DE54D080062DD90 /* LaunchScreen.storyboard in Resources */,
				B0E8CE091DE54D080062DD90 /* Assets.xcassets in Resources */,
				B0E8CE041DE54D080062DD90 /* Main.storyboard in Resources */,
			);
			runOnlyForDeploymentPostprocessing = 0;
		};
/* End PBXResourcesBuildPhase section */

/* Begin PBXShellScriptBuildPhase section */
		4B30DCE359CA4DCEC955A6EE /* [CP] Copy Pods Resources */ = {
			isa = PBXShellScriptBuildPhase;
			buildActionMask = 2147483647;
			files = (
			);
			inputPaths = (
			);
			name = "[CP] Copy Pods Resources";
			outputPaths = (
			);
			runOnlyForDeploymentPostprocessing = 0;
			shellPath = /bin/sh;
			shellScript = "\"${SRCROOT}/Pods/Target Support Files/Pods-BeStronger/Pods-BeStronger-resources.sh\"\n";
			showEnvVarsInLog = 0;
		};
		7D792688BACA90E6FB07B647 /* [CP] Check Pods Manifest.lock */ = {
			isa = PBXShellScriptBuildPhase;
			buildActionMask = 2147483647;
			files = (
			);
			inputPaths = (
			);
			name = "[CP] Check Pods Manifest.lock";
			outputPaths = (
			);
			runOnlyForDeploymentPostprocessing = 0;
			shellPath = /bin/sh;
			shellScript = "diff \"${PODS_ROOT}/../Podfile.lock\" \"${PODS_ROOT}/Manifest.lock\" > /dev/null\nif [ $? != 0 ] ; then\n    # print error to STDERR\n    echo \"error: The sandbox is not in sync with the Podfile.lock. Run 'pod install' or update your CocoaPods installation.\" >&2\n    exit 1\nfi\n";
			showEnvVarsInLog = 0;
		};
		B1047992B6F60DF1E5C5C993 /* [CP] Embed Pods Frameworks */ = {
			isa = PBXShellScriptBuildPhase;
			buildActionMask = 2147483647;
			files = (
			);
			inputPaths = (
			);
			name = "[CP] Embed Pods Frameworks";
			outputPaths = (
			);
			runOnlyForDeploymentPostprocessing = 0;
			shellPath = /bin/sh;
			shellScript = "\"${SRCROOT}/Pods/Target Support Files/Pods-BeStronger/Pods-BeStronger-frameworks.sh\"\n";
			showEnvVarsInLog = 0;
		};
/* End PBXShellScriptBuildPhase section */

/* Begin PBXSourcesBuildPhase section */
		B0E8CDF21DE54D080062DD90 /* Sources */ = {
			isa = PBXSourcesBuildPhase;
			buildActionMask = 2147483647;
			files = (
				B0FFBF2B1DE9752D00B8BE7C /* TestSingger.m in Sources */,
				B0E8CE011DE54D080062DD90 /* ViewController.m in Sources */,
				B0E8CDFE1DE54D080062DD90 /* AppDelegate.m in Sources */,
				B0C8A9731DEDAD4500EB654A /* Calaculator.m in Sources */,
				B0EB2D781DE8A15100370161 /* TicketSaleManager.m in Sources */,
				B0E8CE071DE54D080062DD90 /* BeStronger.xcdatamodeld in Sources */,
				B085AAFE1DEF0CA800668D95 /* TestAFController.m in Sources */,
				B0E8CDFB1DE54D080062DD90 /* main.m in Sources */,
				B0EB2D741DE8806200370161 /* NSThreadController.m in Sources */,
				B06B3C5F1DEE81DC00225B4C /* HttpTool.m in Sources */,
			);
			runOnlyForDeploymentPostprocessing = 0;
		};
/* End PBXSourcesBuildPhase section */

/* Begin PBXVariantGroup section */
		B0E8CE021DE54D080062DD90 /* Main.storyboard */ = {
			isa = PBXVariantGroup;
			children = (
				B0E8CE031DE54D080062DD90 /* Base */,
			);
			name = Main.storyboard;
			sourceTree = "<group>";
		};
		B0E8CE0A1DE54D080062DD90 /* LaunchScreen.storyboard */ = {
			isa = PBXVariantGroup;
			children = (
				B0E8CE0B1DE54D080062DD90 /* Base */,
			);
			name = LaunchScreen.storyboard;
			sourceTree = "<group>";
		};
/* End PBXVariantGroup section */

/* Begin XCBuildConfiguration section */
		B0E8CE0E1DE54D080062DD90 /* Debug */ = {
			isa = XCBuildConfiguration;
			buildSettings = {
				ALWAYS_SEARCH_USER_PATHS = NO;
				CLANG_ANALYZER_NONNULL = YES;
				CLANG_CXX_LANGUAGE_STANDARD = "gnu++0x";
				CLANG_CXX_LIBRARY = "libc++";
				CLANG_ENABLE_MODULES = YES;
				CLANG_ENABLE_OBJC_ARC = YES;
				CLANG_WARN_BOOL_CONVERSION = YES;
				CLANG_WARN_CONSTANT_CONVERSION = YES;
				CLANG_WARN_DIRECT_OBJC_ISA_USAGE = YES_ERROR;
				CLANG_WARN_DOCUMENTATION_COMMENTS = YES;
				CLANG_WARN_EMPTY_BODY = YES;
				CLANG_WARN_ENUM_CONVERSION = YES;
				CLANG_WARN_INFINITE_RECURSION = YES;
				CLANG_WARN_INT_CONVERSION = YES;
				CLANG_WARN_OBJC_ROOT_CLASS = YES_ERROR;
				CLANG_WARN_SUSPICIOUS_MOVES = YES;
				CLANG_WARN_UNREACHABLE_CODE = YES;
				CLANG_WARN__DUPLICATE_METHOD_MATCH = YES;
				"CODE_SIGN_IDENTITY[sdk=iphoneos*]" = "iPhone Developer";
				COPY_PHASE_STRIP = NO;
				DEBUG_INFORMATION_FORMAT = dwarf;
				ENABLE_STRICT_OBJC_MSGSEND = YES;
				ENABLE_TESTABILITY = YES;
				GCC_C_LANGUAGE_STANDARD = gnu99;
				GCC_DYNAMIC_NO_PIC = NO;
				GCC_NO_COMMON_BLOCKS = YES;
				GCC_OPTIMIZATION_LEVEL = 0;
				GCC_PREPROCESSOR_DEFINITIONS = (
					"DEBUG=1",
					"$(inherited)",
				);
				GCC_WARN_64_TO_32_BIT_CONVERSION = YES;
				GCC_WARN_ABOUT_RETURN_TYPE = YES_ERROR;
				GCC_WARN_UNDECLARED_SELECTOR = YES;
				GCC_WARN_UNINITIALIZED_AUTOS = YES_AGGRESSIVE;
				GCC_WARN_UNUSED_FUNCTION = YES;
				GCC_WARN_UNUSED_VARIABLE = YES;
				IPHONEOS_DEPLOYMENT_TARGET = 9.3;
				MTL_ENABLE_DEBUG_INFO = YES;
				ONLY_ACTIVE_ARCH = YES;
				SDKROOT = iphoneos;
				TARGETED_DEVICE_FAMILY = "1,2";
			};
			name = Debug;
		};
		B0E8CE0F1DE54D080062DD90 /* Release */ = {
			isa = XCBuildConfiguration;
			buildSettings = {
				ALWAYS_SEARCH_USER_PATHS = NO;
				CLANG_ANALYZER_NONNULL = YES;
				CLANG_CXX_LANGUAGE_STANDARD = "gnu++0x";
				CLANG_CXX_LIBRARY = "libc++";
				CLANG_ENABLE_MODULES = YES;
				CLANG_ENABLE_OBJC_ARC = YES;
				CLANG_WARN_BOOL_CONVERSION = YES;
				CLANG_WARN_CONSTANT_CONVERSION = YES;
				CLANG_WARN_DIRECT_OBJC_ISA_USAGE = YES_ERROR;
				CLANG_WARN_DOCUMENTATION_COMMENTS = YES;
				CLANG_WARN_EMPTY_BODY = YES;
				CLANG_WARN_ENUM_CONVERSION = YES;
				CLANG_WARN_INFINITE_RECURSION = YES;
				CLANG_WARN_INT_CONVERSION = YES;
				CLANG_WARN_OBJC_ROOT_CLASS = YES_ERROR;
				CLANG_WARN_SUSPICIOUS_MOVES = YES;
				CLANG_WARN_UNREACHABLE_CODE = YES;
				CLANG_WARN__DUPLICATE_METHOD_MATCH = YES;
				"CODE_SIGN_IDENTITY[sdk=iphoneos*]" = "iPhone Developer";
				COPY_PHASE_STRIP = NO;
				DEBUG_INFORMATION_FORMAT = "dwarf-with-dsym";
				ENABLE_NS_ASSERTIONS = NO;
				ENABLE_STRICT_OBJC_MSGSEND = YES;
				GCC_C_LANGUAGE_STANDARD = gnu99;
				GCC_NO_COMMON_BLOCKS = YES;
				GCC_WARN_64_TO_32_BIT_CONVERSION = YES;
				GCC_WARN_ABOUT_RETURN_TYPE = YES_ERROR;
				GCC_WARN_UNDECLARED_SELECTOR = YES;
				GCC_WARN_UNINITIALIZED_AUTOS = YES_AGGRESSIVE;
				GCC_WARN_UNUSED_FUNCTION = YES;
				GCC_WARN_UNUSED_VARIABLE = YES;
				IPHONEOS_DEPLOYMENT_TARGET = 9.3;
				MTL_ENABLE_DEBUG_INFO = NO;
				SDKROOT = iphoneos;
				TARGETED_DEVICE_FAMILY = "1,2";
				VALIDATE_PRODUCT = YES;
			};
			name = Release;
		};
		B0E8CE111DE54D080062DD90 /* Debug */ = {
			isa = XCBuildConfiguration;
			baseConfigurationReference = EA3190FDBD27C1F6C8749276 /* Pods-BeStronger.debug.xcconfig */;
			buildSettings = {
				ASSETCATALOG_COMPILER_APPICON_NAME = AppIcon;
				DEVELOPMENT_TEAM = 8XLVBU7S63;
				GCC_PRECOMPILE_PREFIX_HEADER = YES;
				GCC_PREFIX_HEADER = "$(SRCROOT)/BeStronger/BeStronger.pch";
				INFOPLIST_FILE = BeStronger/Info.plist;
				IPHONEOS_DEPLOYMENT_TARGET = 9.3;
				LD_RUNPATH_SEARCH_PATHS = "$(inherited) @executable_path/Frameworks";
				PRODUCT_BUNDLE_IDENTIFIER = cn.Roy.BeStronger;
				PRODUCT_NAME = "$(TARGET_NAME)";
			};
			name = Debug;
		};
		B0E8CE121DE54D080062DD90 /* Release */ = {
			isa = XCBuildConfiguration;
			baseConfigurationReference = 38421D5BBB601D062148E47B /* Pods-BeStronger.release.xcconfig */;
			buildSettings = {
				ASSETCATALOG_COMPILER_APPICON_NAME = AppIcon;
				DEVELOPMENT_TEAM = 8XLVBU7S63;
				GCC_PRECOMPILE_PREFIX_HEADER = YES;
				GCC_PREFIX_HEADER = "$(SRCROOT)/BeStronger/BeStronger.pch";
				INFOPLIST_FILE = BeStronger/Info.plist;
				IPHONEOS_DEPLOYMENT_TARGET = 9.3;
				LD_RUNPATH_SEARCH_PATHS = "$(inherited) @executable_path/Frameworks";
				PRODUCT_BUNDLE_IDENTIFIER = cn.Roy.BeStronger;
				PRODUCT_NAME = "$(TARGET_NAME)";
			};
			name = Release;
		};
/* End XCBuildConfiguration section */

/* Begin XCConfigurationList section */
		B0E8CDF11DE54D080062DD90 /* Build configuration list for PBXProject "BeStronger" */ = {
			isa = XCConfigurationList;
			buildConfigurations = (
				B0E8CE0E1DE54D080062DD90 /* Debug */,
				B0E8CE0F1DE54D080062DD90 /* Release */,
			);
			defaultConfigurationIsVisible = 0;
			defaultConfigurationName = Release;
		};
		B0E8CE101DE54D080062DD90 /* Build configuration list for PBXNativeTarget "BeStronger" */ = {
			isa = XCConfigurationList;
			buildConfigurations = (
				B0E8CE111DE54D080062DD90 /* Debug */,
				B0E8CE121DE54D080062DD90 /* Release */,
			);
			defaultConfigurationIsVisible = 0;
			defaultConfigurationName = Release;
		};
/* End XCConfigurationList section */

/* Begin XCVersionGroup section */
		B0E8CE051DE54D080062DD90 /* BeStronger.xcdatamodeld */ = {
			isa = XCVersionGroup;
			children = (
				B0E8CE061DE54D080062DD90 /* BeStronger.xcdatamodel */,
			);
			currentVersion = B0E8CE061DE54D080062DD90 /* BeStronger.xcdatamodel */;
			path = BeStronger.xcdatamodeld;
			sourceTree = "<group>";
			versionGroupType = wrapper.xcdatamodel;
		};
/* End XCVersionGroup section */
	};
	rootObject = B0E8CDEE1DE54D080062DD90 /* Project object */;
}
